// !$*UTF8*$!
{
	archiveVersion = 1;
	classes = {
	};
	objectVersion = 56;
	objects = {

/* Begin PBXBuildFile section */
		CC6858582A0A734B00F067B3 /* NotificationHandler.swift in Sources */ = {isa = PBXBuildFile; fileRef = CC6858572A0A734B00F067B3 /* NotificationHandler.swift */; };
		CC8C3F2D2A0E732600B06D2F /* LocationDAO.swift in Sources */ = {isa = PBXBuildFile; fileRef = CC8C3F2C2A0E732600B06D2F /* LocationDAO.swift */; };
		CC8C3F312A0E841D00B06D2F /* LocationsView.swift in Sources */ = {isa = PBXBuildFile; fileRef = CC8C3F302A0E841D00B06D2F /* LocationsView.swift */; };
		CCC76E642A0363FD00C1257B /* UserLocationTracker.swift in Sources */ = {isa = PBXBuildFile; fileRef = CCC76E632A0363FD00C1257B /* UserLocationTracker.swift */; };
		CCF1D4622A0EB27D00968281 /* UserRegionMonitoring.swift in Sources */ = {isa = PBXBuildFile; fileRef = CCF1D4612A0EB27D00968281 /* UserRegionMonitoring.swift */; };
		CCF1D4662A0EC37400968281 /* UserRegionMonitoringView.swift in Sources */ = {isa = PBXBuildFile; fileRef = CCF1D4652A0EC37400968281 /* UserRegionMonitoringView.swift */; };
		CCF1D4682A0ED9C800968281 /* UserLocationTrackerView.swift in Sources */ = {isa = PBXBuildFile; fileRef = CCF1D4672A0ED9C800968281 /* UserLocationTrackerView.swift */; };
		CCF1D46A2A12709400968281 /* RegionLogDAO.swift in Sources */ = {isa = PBXBuildFile; fileRef = CCF1D4692A12709400968281 /* RegionLogDAO.swift */; };
		CCF1D46D2A1272E800968281 /* UserDefaultFiels.swift in Sources */ = {isa = PBXBuildFile; fileRef = CCF1D46C2A1272E800968281 /* UserDefaultFiels.swift */; };
		CCF1D4712A1274DC00968281 /* RegionLogView.swift in Sources */ = {isa = PBXBuildFile; fileRef = CCF1D4702A1274DC00968281 /* RegionLogView.swift */; };
		CCF59C522A03630600D5DE3C /* SignificantLocationApp.swift in Sources */ = {isa = PBXBuildFile; fileRef = CCF59C512A03630600D5DE3C /* SignificantLocationApp.swift */; };
		CCF59C542A03630600D5DE3C /* ContentView.swift in Sources */ = {isa = PBXBuildFile; fileRef = CCF59C532A03630600D5DE3C /* ContentView.swift */; };
		CCF59C562A03630800D5DE3C /* Assets.xcassets in Resources */ = {isa = PBXBuildFile; fileRef = CCF59C552A03630800D5DE3C /* Assets.xcassets */; };
		CCF59C5A2A03630800D5DE3C /* Preview Assets.xcassets in Resources */ = {isa = PBXBuildFile; fileRef = CCF59C592A03630800D5DE3C /* Preview Assets.xcassets */; };
		CCF59C642A03630800D5DE3C /* SignificantLocationTests.swift in Sources */ = {isa = PBXBuildFile; fileRef = CCF59C632A03630800D5DE3C /* SignificantLocationTests.swift */; };
		CCF59C6E2A03630800D5DE3C /* SignificantLocationUITests.swift in Sources */ = {isa = PBXBuildFile; fileRef = CCF59C6D2A03630800D5DE3C /* SignificantLocationUITests.swift */; };
		CCF59C702A03630800D5DE3C /* SignificantLocationUITestsLaunchTests.swift in Sources */ = {isa = PBXBuildFile; fileRef = CCF59C6F2A03630800D5DE3C /* SignificantLocationUITestsLaunchTests.swift */; };
/* End PBXBuildFile section */

/* Begin PBXContainerItemProxy section */
		CCF59C602A03630800D5DE3C /* PBXContainerItemProxy */ = {
			isa = PBXContainerItemProxy;
			containerPortal = CCF59C462A03630600D5DE3C /* Project object */;
			proxyType = 1;
			remoteGlobalIDString = CCF59C4D2A03630600D5DE3C;
			remoteInfo = SignificantLocation;
		};
		CCF59C6A2A03630800D5DE3C /* PBXContainerItemProxy */ = {
			isa = PBXContainerItemProxy;
			containerPortal = CCF59C462A03630600D5DE3C /* Project object */;
			proxyType = 1;
			remoteGlobalIDString = CCF59C4D2A03630600D5DE3C;
			remoteInfo = SignificantLocation;
		};
/* End PBXContainerItemProxy section */

/* Begin PBXFileReference section */
		CC6858572A0A734B00F067B3 /* NotificationHandler.swift */ = {isa = PBXFileReference; lastKnownFileType = sourcecode.swift; path = NotificationHandler.swift; sourceTree = "<group>"; };
		CC8C3F2C2A0E732600B06D2F /* LocationDAO.swift */ = {isa = PBXFileReference; lastKnownFileType = sourcecode.swift; path = LocationDAO.swift; sourceTree = "<group>"; };
		CC8C3F302A0E841D00B06D2F /* LocationsView.swift */ = {isa = PBXFileReference; lastKnownFileType = sourcecode.swift; path = LocationsView.swift; sourceTree = "<group>"; };
		CCC76E632A0363FD00C1257B /* UserLocationTracker.swift */ = {isa = PBXFileReference; fileEncoding = 4; lastKnownFileType = sourcecode.swift; path = UserLocationTracker.swift; sourceTree = "<group>"; };
		CCF1D4612A0EB27D00968281 /* UserRegionMonitoring.swift */ = {isa = PBXFileReference; lastKnownFileType = sourcecode.swift; path = UserRegionMonitoring.swift; sourceTree = "<group>"; };
		CCF1D4652A0EC37400968281 /* UserRegionMonitoringView.swift */ = {isa = PBXFileReference; lastKnownFileType = sourcecode.swift; path = UserRegionMonitoringView.swift; sourceTree = "<group>"; };
		CCF1D4672A0ED9C800968281 /* UserLocationTrackerView.swift */ = {isa = PBXFileReference; lastKnownFileType = sourcecode.swift; path = UserLocationTrackerView.swift; sourceTree = "<group>"; };
		CCF1D4692A12709400968281 /* RegionLogDAO.swift */ = {isa = PBXFileReference; lastKnownFileType = sourcecode.swift; path = RegionLogDAO.swift; sourceTree = "<group>"; };
		CCF1D46C2A1272E800968281 /* UserDefaultFiels.swift */ = {isa = PBXFileReference; lastKnownFileType = sourcecode.swift; path = UserDefaultFiels.swift; sourceTree = "<group>"; };
		CCF1D4702A1274DC00968281 /* RegionLogView.swift */ = {isa = PBXFileReference; lastKnownFileType = sourcecode.swift; path = RegionLogView.swift; sourceTree = "<group>"; };
		CCF59C4E2A03630600D5DE3C /* SignificantLocation.app */ = {isa = PBXFileReference; explicitFileType = wrapper.application; includeInIndex = 0; path = SignificantLocation.app; sourceTree = BUILT_PRODUCTS_DIR; };
		CCF59C512A03630600D5DE3C /* SignificantLocationApp.swift */ = {isa = PBXFileReference; lastKnownFileType = sourcecode.swift; path = SignificantLocationApp.swift; sourceTree = "<group>"; };
		CCF59C532A03630600D5DE3C /* ContentView.swift */ = {isa = PBXFileReference; lastKnownFileType = sourcecode.swift; path = ContentView.swift; sourceTree = "<group>"; };
		CCF59C552A03630800D5DE3C /* Assets.xcassets */ = {isa = PBXFileReference; lastKnownFileType = folder.assetcatalog; path = Assets.xcassets; sourceTree = "<group>"; };
		CCF59C572A03630800D5DE3C /* SignificantLocation.entitlements */ = {isa = PBXFileReference; lastKnownFileType = text.plist.entitlements; path = SignificantLocation.entitlements; sourceTree = "<group>"; };
		CCF59C592A03630800D5DE3C /* Preview Assets.xcassets */ = {isa = PBXFileReference; lastKnownFileType = folder.assetcatalog; path = "Preview Assets.xcassets"; sourceTree = "<group>"; };
		CCF59C5F2A03630800D5DE3C /* SignificantLocationTests.xctest */ = {isa = PBXFileReference; explicitFileType = wrapper.cfbundle; includeInIndex = 0; path = SignificantLocationTests.xctest; sourceTree = BUILT_PRODUCTS_DIR; };
		CCF59C632A03630800D5DE3C /* SignificantLocationTests.swift */ = {isa = PBXFileReference; lastKnownFileType = sourcecode.swift; path = SignificantLocationTests.swift; sourceTree = "<group>"; };
		CCF59C692A03630800D5DE3C /* SignificantLocationUITests.xctest */ = {isa = PBXFileReference; explicitFileType = wrapper.cfbundle; includeInIndex = 0; path = SignificantLocationUITests.xctest; sourceTree = BUILT_PRODUCTS_DIR; };
		CCF59C6D2A03630800D5DE3C /* SignificantLocationUITests.swift */ = {isa = PBXFileReference; lastKnownFileType = sourcecode.swift; path = SignificantLocationUITests.swift; sourceTree = "<group>"; };
		CCF59C6F2A03630800D5DE3C /* SignificantLocationUITestsLaunchTests.swift */ = {isa = PBXFileReference; lastKnownFileType = sourcecode.swift; path = SignificantLocationUITestsLaunchTests.swift; sourceTree = "<group>"; };
/* End PBXFileReference section */

/* Begin PBXFrameworksBuildPhase section */
		CCF59C4B2A03630600D5DE3C /* Frameworks */ = {
			isa = PBXFrameworksBuildPhase;
			buildActionMask = 2147483647;
			files = (
			);
			runOnlyForDeploymentPostprocessing = 0;
		};
		CCF59C5C2A03630800D5DE3C /* Frameworks */ = {
			isa = PBXFrameworksBuildPhase;
			buildActionMask = 2147483647;
			files = (
			);
			runOnlyForDeploymentPostprocessing = 0;
		};
		CCF59C662A03630800D5DE3C /* Frameworks */ = {
			isa = PBXFrameworksBuildPhase;
			buildActionMask = 2147483647;
			files = (
			);
			runOnlyForDeploymentPostprocessing = 0;
		};
/* End PBXFrameworksBuildPhase section */

/* Begin PBXGroup section */
		CCC76E602A0363B800C1257B /* UserLocationTracker */ = {
			isa = PBXGroup;
			children = (
				CC8C3F302A0E841D00B06D2F /* LocationsView.swift */,
				CCF1D4672A0ED9C800968281 /* UserLocationTrackerView.swift */,
				CCC76E632A0363FD00C1257B /* UserLocationTracker.swift */,
				CC8C3F2C2A0E732600B06D2F /* LocationDAO.swift */,
			);
			path = UserLocationTracker;
			sourceTree = "<group>";
		};
		CCF1D4632A0EC2DD00968281 /* RegionMonitoring */ = {
			isa = PBXGroup;
			children = (
				CCF1D4612A0EB27D00968281 /* UserRegionMonitoring.swift */,
				CCF1D4652A0EC37400968281 /* UserRegionMonitoringView.swift */,
				CCF1D4692A12709400968281 /* RegionLogDAO.swift */,
				CCF1D4702A1274DC00968281 /* RegionLogView.swift */,
			);
			path = RegionMonitoring;
			sourceTree = "<group>";
		};
		CCF1D4642A0EC33A00968281 /* Notification */ = {
			isa = PBXGroup;
			children = (
				CC6858572A0A734B00F067B3 /* NotificationHandler.swift */,
			);
			path = Notification;
			sourceTree = "<group>";
		};
		CCF1D46B2A1272D900968281 /* Constants */ = {
			isa = PBXGroup;
			children = (
				CCF1D46C2A1272E800968281 /* UserDefaultFiels.swift */,
			);
			path = Constants;
			sourceTree = "<group>";
		};
		CCF59C452A03630600D5DE3C = {
			isa = PBXGroup;
			children = (
				CCF59C502A03630600D5DE3C /* SignificantLocation */,
				CCF59C622A03630800D5DE3C /* SignificantLocationTests */,
				CCF59C6C2A03630800D5DE3C /* SignificantLocationUITests */,
				CCF59C4F2A03630600D5DE3C /* Products */,
			);
			sourceTree = "<group>";
		};
		CCF59C4F2A03630600D5DE3C /* Products */ = {
			isa = PBXGroup;
			children = (
				CCF59C4E2A03630600D5DE3C /* SignificantLocation.app */,
				CCF59C5F2A03630800D5DE3C /* SignificantLocationTests.xctest */,
				CCF59C692A03630800D5DE3C /* SignificantLocationUITests.xctest */,
			);
			name = Products;
			sourceTree = "<group>";
		};
		CCF59C502A03630600D5DE3C /* SignificantLocation */ = {
			isa = PBXGroup;
			children = (
				CCF1D46B2A1272D900968281 /* Constants */,
				CCF1D4642A0EC33A00968281 /* Notification */,
				CCF1D4632A0EC2DD00968281 /* RegionMonitoring */,
				CCC76E602A0363B800C1257B /* UserLocationTracker */,
				CCF59C512A03630600D5DE3C /* SignificantLocationApp.swift */,
				CCF59C532A03630600D5DE3C /* ContentView.swift */,
				CCF59C552A03630800D5DE3C /* Assets.xcassets */,
				CCF59C572A03630800D5DE3C /* SignificantLocation.entitlements */,
				CCF59C582A03630800D5DE3C /* Preview Content */,
			);
			path = SignificantLocation;
			sourceTree = "<group>";
		};
		CCF59C582A03630800D5DE3C /* Preview Content */ = {
			isa = PBXGroup;
			children = (
				CCF59C592A03630800D5DE3C /* Preview Assets.xcassets */,
			);
			path = "Preview Content";
			sourceTree = "<group>";
		};
		CCF59C622A03630800D5DE3C /* SignificantLocationTests */ = {
			isa = PBXGroup;
			children = (
				CCF59C632A03630800D5DE3C /* SignificantLocationTests.swift */,
			);
			path = SignificantLocationTests;
			sourceTree = "<group>";
		};
		CCF59C6C2A03630800D5DE3C /* SignificantLocationUITests */ = {
			isa = PBXGroup;
			children = (
				CCF59C6D2A03630800D5DE3C /* SignificantLocationUITests.swift */,
				CCF59C6F2A03630800D5DE3C /* SignificantLocationUITestsLaunchTests.swift */,
			);
			path = SignificantLocationUITests;
			sourceTree = "<group>";
		};
/* End PBXGroup section */

/* Begin PBXNativeTarget section */
		CCF59C4D2A03630600D5DE3C /* SignificantLocation */ = {
			isa = PBXNativeTarget;
			buildConfigurationList = CCF59C732A03630800D5DE3C /* Build configuration list for PBXNativeTarget "SignificantLocation" */;
			buildPhases = (
				CCF59C4A2A03630600D5DE3C /* Sources */,
				CCF59C4B2A03630600D5DE3C /* Frameworks */,
				CCF59C4C2A03630600D5DE3C /* Resources */,
			);
			buildRules = (
			);
			dependencies = (
			);
			name = SignificantLocation;
			productName = SignificantLocation;
			productReference = CCF59C4E2A03630600D5DE3C /* SignificantLocation.app */;
			productType = "com.apple.product-type.application";
		};
		CCF59C5E2A03630800D5DE3C /* SignificantLocationTests */ = {
			isa = PBXNativeTarget;
			buildConfigurationList = CCF59C762A03630800D5DE3C /* Build configuration list for PBXNativeTarget "SignificantLocationTests" */;
			buildPhases = (
				CCF59C5B2A03630800D5DE3C /* Sources */,
				CCF59C5C2A03630800D5DE3C /* Frameworks */,
				CCF59C5D2A03630800D5DE3C /* Resources */,
			);
			buildRules = (
			);
			dependencies = (
				CCF59C612A03630800D5DE3C /* PBXTargetDependency */,
			);
			name = SignificantLocationTests;
			productName = SignificantLocationTests;
			productReference = CCF59C5F2A03630800D5DE3C /* SignificantLocationTests.xctest */;
			productType = "com.apple.product-type.bundle.unit-test";
		};
		CCF59C682A03630800D5DE3C /* SignificantLocationUITests */ = {
			isa = PBXNativeTarget;
			buildConfigurationList = CCF59C792A03630800D5DE3C /* Build configuration list for PBXNativeTarget "SignificantLocationUITests" */;
			buildPhases = (
				CCF59C652A03630800D5DE3C /* Sources */,
				CCF59C662A03630800D5DE3C /* Frameworks */,
				CCF59C672A03630800D5DE3C /* Resources */,
			);
			buildRules = (
			);
			dependencies = (
				CCF59C6B2A03630800D5DE3C /* PBXTargetDependency */,
			);
			name = SignificantLocationUITests;
			productName = SignificantLocationUITests;
			productReference = CCF59C692A03630800D5DE3C /* SignificantLocationUITests.xctest */;
			productType = "com.apple.product-type.bundle.ui-testing";
		};
/* End PBXNativeTarget section */

/* Begin PBXProject section */
		CCF59C462A03630600D5DE3C /* Project object */ = {
			isa = PBXProject;
			attributes = {
				BuildIndependentTargetsInParallel = 1;
				LastSwiftUpdateCheck = 1420;
				LastUpgradeCheck = 1420;
				TargetAttributes = {
					CCF59C4D2A03630600D5DE3C = {
						CreatedOnToolsVersion = 14.2;
					};
					CCF59C5E2A03630800D5DE3C = {
						CreatedOnToolsVersion = 14.2;
						TestTargetID = CCF59C4D2A03630600D5DE3C;
					};
					CCF59C682A03630800D5DE3C = {
						CreatedOnToolsVersion = 14.2;
						TestTargetID = CCF59C4D2A03630600D5DE3C;
					};
				};
			};
			buildConfigurationList = CCF59C492A03630600D5DE3C /* Build configuration list for PBXProject "SignificantLocation" */;
			compatibilityVersion = "Xcode 14.0";
			developmentRegion = en;
			hasScannedForEncodings = 0;
			knownRegions = (
				en,
				Base,
			);
			mainGroup = CCF59C452A03630600D5DE3C;
			productRefGroup = CCF59C4F2A03630600D5DE3C /* Products */;
			projectDirPath = "";
			projectRoot = "";
			targets = (
				CCF59C4D2A03630600D5DE3C /* SignificantLocation */,
				CCF59C5E2A03630800D5DE3C /* SignificantLocationTests */,
				CCF59C682A03630800D5DE3C /* SignificantLocationUITests */,
			);
		};
/* End PBXProject section */

/* Begin PBXResourcesBuildPhase section */
		CCF59C4C2A03630600D5DE3C /* Resources */ = {
			isa = PBXResourcesBuildPhase;
			buildActionMask = 2147483647;
			files = (
				CCF59C5A2A03630800D5DE3C /* Preview Assets.xcassets in Resources */,
				CCF59C562A03630800D5DE3C /* Assets.xcassets in Resources */,
			);
			runOnlyForDeploymentPostprocessing = 0;
		};
		CCF59C5D2A03630800D5DE3C /* Resources */ = {
			isa = PBXResourcesBuildPhase;
			buildActionMask = 2147483647;
			files = (
			);
			runOnlyForDeploymentPostprocessing = 0;
		};
		CCF59C672A03630800D5DE3C /* Resources */ = {
			isa = PBXResourcesBuildPhase;
			buildActionMask = 2147483647;
			files = (
			);
			runOnlyForDeploymentPostprocessing = 0;
		};
/* End PBXResourcesBuildPhase section */

/* Begin PBXSourcesBuildPhase section */
		CCF59C4A2A03630600D5DE3C /* Sources */ = {
			isa = PBXSourcesBuildPhase;
			buildActionMask = 2147483647;
			files = (
				CCF1D46A2A12709400968281 /* RegionLogDAO.swift in Sources */,
				CCC76E642A0363FD00C1257B /* UserLocationTracker.swift in Sources */,
				CC8C3F2D2A0E732600B06D2F /* LocationDAO.swift in Sources */,
				CCF1D4712A1274DC00968281 /* RegionLogView.swift in Sources */,
				CC6858582A0A734B00F067B3 /* NotificationHandler.swift in Sources */,
				CCF1D4682A0ED9C800968281 /* UserLocationTrackerView.swift in Sources */,
				CCF1D4622A0EB27D00968281 /* UserRegionMonitoring.swift in Sources */,
				CC8C3F312A0E841D00B06D2F /* LocationsView.swift in Sources */,
				CCF59C542A03630600D5DE3C /* ContentView.swift in Sources */,
				CCF1D4662A0EC37400968281 /* UserRegionMonitoringView.swift in Sources */,
				CCF1D46D2A1272E800968281 /* UserDefaultFiels.swift in Sources */,
				CCF59C522A03630600D5DE3C /* SignificantLocationApp.swift in Sources */,
			);
			runOnlyForDeploymentPostprocessing = 0;
		};
		CCF59C5B2A03630800D5DE3C /* Sources */ = {
			isa = PBXSourcesBuildPhase;
			buildActionMask = 2147483647;
			files = (
				CCF59C642A03630800D5DE3C /* SignificantLocationTests.swift in Sources */,
			);
			runOnlyForDeploymentPostprocessing = 0;
		};
		CCF59C652A03630800D5DE3C /* Sources */ = {
			isa = PBXSourcesBuildPhase;
			buildActionMask = 2147483647;
			files = (
				CCF59C6E2A03630800D5DE3C /* SignificantLocationUITests.swift in Sources */,
				CCF59C702A03630800D5DE3C /* SignificantLocationUITestsLaunchTests.swift in Sources */,
			);
			runOnlyForDeploymentPostprocessing = 0;
		};
/* End PBXSourcesBuildPhase section */

/* Begin PBXTargetDependency section */
		CCF59C612A03630800D5DE3C /* PBXTargetDependency */ = {
			isa = PBXTargetDependency;
			target = CCF59C4D2A03630600D5DE3C /* SignificantLocation */;
			targetProxy = CCF59C602A03630800D5DE3C /* PBXContainerItemProxy */;
		};
		CCF59C6B2A03630800D5DE3C /* PBXTargetDependency */ = {
			isa = PBXTargetDependency;
			target = CCF59C4D2A03630600D5DE3C /* SignificantLocation */;
			targetProxy = CCF59C6A2A03630800D5DE3C /* PBXContainerItemProxy */;
		};
/* End PBXTargetDependency section */

/* Begin XCBuildConfiguration section */
		CCF59C712A03630800D5DE3C /* Debug */ = {
			isa = XCBuildConfiguration;
			buildSettings = {
				ALWAYS_SEARCH_USER_PATHS = NO;
				CLANG_ANALYZER_NONNULL = YES;
				CLANG_ANALYZER_NUMBER_OBJECT_CONVERSION = YES_AGGRESSIVE;
				CLANG_CXX_LANGUAGE_STANDARD = "gnu++20";
				CLANG_ENABLE_MODULES = YES;
				CLANG_ENABLE_OBJC_ARC = YES;
				CLANG_ENABLE_OBJC_WEAK = YES;
				CLANG_WARN_BLOCK_CAPTURE_AUTORELEASING = YES;
				CLANG_WARN_BOOL_CONVERSION = YES;
				CLANG_WARN_COMMA = YES;
				CLANG_WARN_CONSTANT_CONVERSION = YES;
				CLANG_WARN_DEPRECATED_OBJC_IMPLEMENTATIONS = YES;
				CLANG_WARN_DIRECT_OBJC_ISA_USAGE = YES_ERROR;
				CLANG_WARN_DOCUMENTATION_COMMENTS = YES;
				CLANG_WARN_EMPTY_BODY = YES;
				CLANG_WARN_ENUM_CONVERSION = YES;
				CLANG_WARN_INFINITE_RECURSION = YES;
				CLANG_WARN_INT_CONVERSION = YES;
				CLANG_WARN_NON_LITERAL_NULL_CONVERSION = YES;
				CLANG_WARN_OBJC_IMPLICIT_RETAIN_SELF = YES;
				CLANG_WARN_OBJC_LITERAL_CONVERSION = YES;
				CLANG_WARN_OBJC_ROOT_CLASS = YES_ERROR;
				CLANG_WARN_QUOTED_INCLUDE_IN_FRAMEWORK_HEADER = YES;
				CLANG_WARN_RANGE_LOOP_ANALYSIS = YES;
				CLANG_WARN_STRICT_PROTOTYPES = YES;
				CLANG_WARN_SUSPICIOUS_MOVE = YES;
				CLANG_WARN_UNGUARDED_AVAILABILITY = YES_AGGRESSIVE;
				CLANG_WARN_UNREACHABLE_CODE = YES;
				CLANG_WARN__DUPLICATE_METHOD_MATCH = YES;
				COPY_PHASE_STRIP = NO;
				DEBUG_INFORMATION_FORMAT = dwarf;
				ENABLE_STRICT_OBJC_MSGSEND = YES;
				ENABLE_TESTABILITY = YES;
				GCC_C_LANGUAGE_STANDARD = gnu11;
				GCC_DYNAMIC_NO_PIC = NO;
				GCC_NO_COMMON_BLOCKS = YES;
				GCC_OPTIMIZATION_LEVEL = 0;
				GCC_PREPROCESSOR_DEFINITIONS = (
					"DEBUG=1",
					"$(inherited)",
				);
				GCC_WARN_64_TO_32_BIT_CONVERSION = YES;
				GCC_WARN_ABOUT_RETURN_TYPE = YES_ERROR;
				GCC_WARN_UNDECLARED_SELECTOR = YES;
				GCC_WARN_UNINITIALIZED_AUTOS = YES_AGGRESSIVE;
				GCC_WARN_UNUSED_FUNCTION = YES;
				GCC_WARN_UNUSED_VARIABLE = YES;
				MTL_ENABLE_DEBUG_INFO = INCLUDE_SOURCE;
				MTL_FAST_MATH = YES;
				ONLY_ACTIVE_ARCH = YES;
				SWIFT_ACTIVE_COMPILATION_CONDITIONS = DEBUG;
				SWIFT_OPTIMIZATION_LEVEL = "-Onone";
			};
			name = Debug;
		};
		CCF59C722A03630800D5DE3C /* Release */ = {
			isa = XCBuildConfiguration;
			buildSettings = {
				ALWAYS_SEARCH_USER_PATHS = NO;
				CLANG_ANALYZER_NONNULL = YES;
				CLANG_ANALYZER_NUMBER_OBJECT_CONVERSION = YES_AGGRESSIVE;
				CLANG_CXX_LANGUAGE_STANDARD = "gnu++20";
				CLANG_ENABLE_MODULES = YES;
				CLANG_ENABLE_OBJC_ARC = YES;
				CLANG_ENABLE_OBJC_WEAK = YES;
				CLANG_WARN_BLOCK_CAPTURE_AUTORELEASING = YES;
				CLANG_WARN_BOOL_CONVERSION = YES;
				CLANG_WARN_COMMA = YES;
				CLANG_WARN_CONSTANT_CONVERSION = YES;
				CLANG_WARN_DEPRECATED_OBJC_IMPLEMENTATIONS = YES;
				CLANG_WARN_DIRECT_OBJC_ISA_USAGE = YES_ERROR;
				CLANG_WARN_DOCUMENTATION_COMMENTS = YES;
				CLANG_WARN_EMPTY_BODY = YES;
				CLANG_WARN_ENUM_CONVERSION = YES;
				CLANG_WARN_INFINITE_RECURSION = YES;
				CLANG_WARN_INT_CONVERSION = YES;
				CLANG_WARN_NON_LITERAL_NULL_CONVERSION = YES;
				CLANG_WARN_OBJC_IMPLICIT_RETAIN_SELF = YES;
				CLANG_WARN_OBJC_LITERAL_CONVERSION = YES;
				CLANG_WARN_OBJC_ROOT_CLASS = YES_ERROR;
				CLANG_WARN_QUOTED_INCLUDE_IN_FRAMEWORK_HEADER = YES;
				CLANG_WARN_RANGE_LOOP_ANALYSIS = YES;
				CLANG_WARN_STRICT_PROTOTYPES = YES;
				CLANG_WARN_SUSPICIOUS_MOVE = YES;
				CLANG_WARN_UNGUARDED_AVAILABILITY = YES_AGGRESSIVE;
				CLANG_WARN_UNREACHABLE_CODE = YES;
				CLANG_WARN__DUPLICATE_METHOD_MATCH = YES;
				COPY_PHASE_STRIP = NO;
				DEBUG_INFORMATION_FORMAT = "dwarf-with-dsym";
				ENABLE_NS_ASSERTIONS = NO;
				ENABLE_STRICT_OBJC_MSGSEND = YES;
				GCC_C_LANGUAGE_STANDARD = gnu11;
				GCC_NO_COMMON_BLOCKS = YES;
				GCC_WARN_64_TO_32_BIT_CONVERSION = YES;
				GCC_WARN_ABOUT_RETURN_TYPE = YES_ERROR;
				GCC_WARN_UNDECLARED_SELECTOR = YES;
				GCC_WARN_UNINITIALIZED_AUTOS = YES_AGGRESSIVE;
				GCC_WARN_UNUSED_FUNCTION = YES;
				GCC_WARN_UNUSED_VARIABLE = YES;
				MTL_ENABLE_DEBUG_INFO = NO;
				MTL_FAST_MATH = YES;
				SWIFT_COMPILATION_MODE = wholemodule;
				SWIFT_OPTIMIZATION_LEVEL = "-O";
			};
			name = Release;
		};
		CCF59C742A03630800D5DE3C /* Debug */ = {
			isa = XCBuildConfiguration;
			buildSettings = {
				ASSETCATALOG_COMPILER_APPICON_NAME = AppIcon;
				ASSETCATALOG_COMPILER_GLOBAL_ACCENT_COLOR_NAME = AccentColor;
				CODE_SIGN_ENTITLEMENTS = SignificantLocation/SignificantLocation.entitlements;
				CODE_SIGN_STYLE = Automatic;
				CURRENT_PROJECT_VERSION = 1;
				DEVELOPMENT_ASSET_PATHS = "\"SignificantLocation/Preview Content\"";
				DEVELOPMENT_TEAM = G625UPV6D7;
				ENABLE_HARDENED_RUNTIME = YES;
				ENABLE_PREVIEWS = YES;
				GENERATE_INFOPLIST_FILE = YES;
				INFOPLIST_KEY_NSLocationAlwaysAndWhenInUseUsageDescription = "Necessário para funcionalidades do app";
				INFOPLIST_KEY_NSLocationWhenInUseUsageDescription = "Necessário para funcionalidades do app";
				"INFOPLIST_KEY_UIApplicationSceneManifest_Generation[sdk=iphoneos*]" = YES;
				"INFOPLIST_KEY_UIApplicationSceneManifest_Generation[sdk=iphonesimulator*]" = YES;
				"INFOPLIST_KEY_UIApplicationSupportsIndirectInputEvents[sdk=iphoneos*]" = YES;
				"INFOPLIST_KEY_UIApplicationSupportsIndirectInputEvents[sdk=iphonesimulator*]" = YES;
				"INFOPLIST_KEY_UILaunchScreen_Generation[sdk=iphoneos*]" = YES;
				"INFOPLIST_KEY_UILaunchScreen_Generation[sdk=iphonesimulator*]" = YES;
				"INFOPLIST_KEY_UIStatusBarStyle[sdk=iphoneos*]" = UIStatusBarStyleDefault;
				"INFOPLIST_KEY_UIStatusBarStyle[sdk=iphonesimulator*]" = UIStatusBarStyleDefault;
				INFOPLIST_KEY_UISupportedInterfaceOrientations_iPad = "UIInterfaceOrientationPortrait UIInterfaceOrientationPortraitUpsideDown UIInterfaceOrientationLandscapeLeft UIInterfaceOrientationLandscapeRight";
				INFOPLIST_KEY_UISupportedInterfaceOrientations_iPhone = "UIInterfaceOrientationPortrait UIInterfaceOrientationLandscapeLeft UIInterfaceOrientationLandscapeRight";
				IPHONEOS_DEPLOYMENT_TARGET = 14.0;
				LD_RUNPATH_SEARCH_PATHS = "@executable_path/Frameworks";
				"LD_RUNPATH_SEARCH_PATHS[sdk=macosx*]" = "@executable_path/../Frameworks";
				MACOSX_DEPLOYMENT_TARGET = 13.1;
				MARKETING_VERSION = 1.0;
				PRODUCT_BUNDLE_IDENTIFIER = "agenda-telefonica-projeto";
				PRODUCT_NAME = "$(TARGET_NAME)";
				SDKROOT = auto;
				SUPPORTED_PLATFORMS = "iphoneos iphonesimulator macosx";
				SWIFT_EMIT_LOC_STRINGS = YES;
				SWIFT_VERSION = 5.0;
				TARGETED_DEVICE_FAMILY = "1,2";
			};
			name = Debug;
		};
		CCF59C752A03630800D5DE3C /* Release */ = {
			isa = XCBuildConfiguration;
			buildSettings = {
				ASSETCATALOG_COMPILER_APPICON_NAME = AppIcon;
				ASSETCATALOG_COMPILER_GLOBAL_ACCENT_COLOR_NAME = AccentColor;
				CODE_SIGN_ENTITLEMENTS = SignificantLocation/SignificantLocation.entitlements;
				CODE_SIGN_STYLE = Automatic;
				CURRENT_PROJECT_VERSION = 1;
				DEVELOPMENT_ASSET_PATHS = "\"SignificantLocation/Preview Content\"";
				DEVELOPMENT_TEAM = G625UPV6D7;
				ENABLE_HARDENED_RUNTIME = YES;
				ENABLE_PREVIEWS = YES;
				GENERATE_INFOPLIST_FILE = YES;
				INFOPLIST_KEY_NSLocationAlwaysAndWhenInUseUsageDescription = "Necessário para funcionalidades do app";
				INFOPLIST_KEY_NSLocationWhenInUseUsageDescription = "Necessário para funcionalidades do app";
				"INFOPLIST_KEY_UIApplicationSceneManifest_Generation[sdk=iphoneos*]" = YES;
				"INFOPLIST_KEY_UIApplicationSceneManifest_Generation[sdk=iphonesimulator*]" = YES;
				"INFOPLIST_KEY_UIApplicationSupportsIndirectInputEvents[sdk=iphoneos*]" = YES;
				"INFOPLIST_KEY_UIApplicationSupportsIndirectInputEvents[sdk=iphonesimulator*]" = YES;
				"INFOPLIST_KEY_UILaunchScreen_Generation[sdk=iphoneos*]" = YES;
				"INFOPLIST_KEY_UILaunchScreen_Generation[sdk=iphonesimulator*]" = YES;
				"INFOPLIST_KEY_UIStatusBarStyle[sdk=iphoneos*]" = UIStatusBarStyleDefault;
				"INFOPLIST_KEY_UIStatusBarStyle[sdk=iphonesimulator*]" = UIStatusBarStyleDefault;
				INFOPLIST_KEY_UISupportedInterfaceOrientations_iPad = "UIInterfaceOrientationPortrait UIInterfaceOrientationPortraitUpsideDown UIInterfaceOrientationLandscapeLeft UIInterfaceOrientationLandscapeRight";
				INFOPLIST_KEY_UISupportedInterfaceOrientations_iPhone = "UIInterfaceOrientationPortrait UIInterfaceOrientationLandscapeLeft UIInterfaceOrientationLandscapeRight";
				IPHONEOS_DEPLOYMENT_TARGET = 14.0;
				LD_RUNPATH_SEARCH_PATHS = "@executable_path/Frameworks";
				"LD_RUNPATH_SEARCH_PATHS[sdk=macosx*]" = "@executable_path/../Frameworks";
				MACOSX_DEPLOYMENT_TARGET = 13.1;
				MARKETING_VERSION = 1.0;
				PRODUCT_BUNDLE_IDENTIFIER = "agenda-telefonica-projeto";
				PRODUCT_NAME = "$(TARGET_NAME)";
				SDKROOT = auto;
				SUPPORTED_PLATFORMS = "iphoneos iphonesimulator macosx";
				SWIFT_EMIT_LOC_STRINGS = YES;
				SWIFT_VERSION = 5.0;
				TARGETED_DEVICE_FAMILY = "1,2";
			};
			name = Release;
		};
		CCF59C772A03630800D5DE3C /* Debug */ = {
			isa = XCBuildConfiguration;
			buildSettings = {
				ALWAYS_EMBED_SWIFT_STANDARD_LIBRARIES = YES;
				BUNDLE_LOADER = "$(TEST_HOST)";
				CODE_SIGN_STYLE = Automatic;
				CURRENT_PROJECT_VERSION = 1;
				DEVELOPMENT_TEAM = G625UPV6D7;
				GENERATE_INFOPLIST_FILE = YES;
				IPHONEOS_DEPLOYMENT_TARGET = 16.2;
				MACOSX_DEPLOYMENT_TARGET = 13.1;
				MARKETING_VERSION = 1.0;
				PRODUCT_BUNDLE_IDENTIFIER = com.fulltime.fullarm.SignificantLocationTests;
				PRODUCT_NAME = "$(TARGET_NAME)";
				SDKROOT = auto;
				SUPPORTED_PLATFORMS = "iphoneos iphonesimulator macosx";
				SWIFT_EMIT_LOC_STRINGS = NO;
				SWIFT_VERSION = 5.0;
				TARGETED_DEVICE_FAMILY = "1,2";
				TEST_HOST = "$(BUILT_PRODUCTS_DIR)/SignificantLocation.app/$(BUNDLE_EXECUTABLE_FOLDER_PATH)/SignificantLocation";
			};
			name = Debug;
		};
		CCF59C782A03630800D5DE3C /* Release */ = {
			isa = XCBuildConfiguration;
			buildSettings = {
				ALWAYS_EMBED_SWIFT_STANDARD_LIBRARIES = YES;
				BUNDLE_LOADER = "$(TEST_HOST)";
				CODE_SIGN_STYLE = Automatic;
				CURRENT_PROJECT_VERSION = 1;
				DEVELOPMENT_TEAM = G625UPV6D7;
				GENERATE_INFOPLIST_FILE = YES;
				IPHONEOS_DEPLOYMENT_TARGET = 16.2;
				MACOSX_DEPLOYMENT_TARGET = 13.1;
				MARKETING_VERSION = 1.0;
				PRODUCT_BUNDLE_IDENTIFIER = com.fulltime.fullarm.SignificantLocationTests;
				PRODUCT_NAME = "$(TARGET_NAME)";
				SDKROOT = auto;
				SUPPORTED_PLATFORMS = "iphoneos iphonesimulator macosx";
				SWIFT_EMIT_LOC_STRINGS = NO;
				SWIFT_VERSION = 5.0;
				TARGETED_DEVICE_FAMILY = "1,2";
				TEST_HOST = "$(BUILT_PRODUCTS_DIR)/SignificantLocation.app/$(BUNDLE_EXECUTABLE_FOLDER_PATH)/SignificantLocation";
			};
			name = Release;
		};
		CCF59C7A2A03630800D5DE3C /* Debug */ = {
			isa = XCBuildConfiguration;
			buildSettings = {
				ALWAYS_EMBED_SWIFT_STANDARD_LIBRARIES = YES;
				CODE_SIGN_STYLE = Automatic;
				CURRENT_PROJECT_VERSION = 1;
				DEVELOPMENT_TEAM = G625UPV6D7;
				GENERATE_INFOPLIST_FILE = YES;
				IPHONEOS_DEPLOYMENT_TARGET = 16.2;
				MACOSX_DEPLOYMENT_TARGET = 13.1;
				MARKETING_VERSION = 1.0;
				PRODUCT_BUNDLE_IDENTIFIER = com.fulltime.fullarm.SignificantLocationUITests;
				PRODUCT_NAME = "$(TARGET_NAME)";
				SDKROOT = auto;
				SUPPORTED_PLATFORMS = "iphoneos iphonesimulator macosx";
				SWIFT_EMIT_LOC_STRINGS = NO;
				SWIFT_VERSION = 5.0;
				TARGETED_DEVICE_FAMILY = "1,2";
				TEST_TARGET_NAME = SignificantLocation;
			};
			name = Debug;
		};
		CCF59C7B2A03630800D5DE3C /* Release */ = {
			isa = XCBuildConfiguration;
			buildSettings = {
				ALWAYS_EMBED_SWIFT_STANDARD_LIBRARIES = YES;
				CODE_SIGN_STYLE = Automatic;
				CURRENT_PROJECT_VERSION = 1;
				DEVELOPMENT_TEAM = G625UPV6D7;
				GENERATE_INFOPLIST_FILE = YES;
				IPHONEOS_DEPLOYMENT_TARGET = 16.2;
				MACOSX_DEPLOYMENT_TARGET = 13.1;
				MARKETING_VERSION = 1.0;
				PRODUCT_BUNDLE_IDENTIFIER = com.fulltime.fullarm.SignificantLocationUITests;
				PRODUCT_NAME = "$(TARGET_NAME)";
				SDKROOT = auto;
				SUPPORTED_PLATFORMS = "iphoneos iphonesimulator macosx";
				SWIFT_EMIT_LOC_STRINGS = NO;
				SWIFT_VERSION = 5.0;
				TARGETED_DEVICE_FAMILY = "1,2";
				TEST_TARGET_NAME = SignificantLocation;
			};
			name = Release;
		};
/* End XCBuildConfiguration section */

/* Begin XCConfigurationList section */
		CCF59C492A03630600D5DE3C /* Build configuration list for PBXProject "SignificantLocation" */ = {
			isa = XCConfigurationList;
			buildConfigurations = (
				CCF59C712A03630800D5DE3C /* Debug */,
				CCF59C722A03630800D5DE3C /* Release */,
			);
			defaultConfigurationIsVisible = 0;
			defaultConfigurationName = Release;
		};
		CCF59C732A03630800D5DE3C /* Build configuration list for PBXNativeTarget "SignificantLocation" */ = {
			isa = XCConfigurationList;
			buildConfigurations = (
				CCF59C742A03630800D5DE3C /* Debug */,
				CCF59C752A03630800D5DE3C /* Release */,
			);
			defaultConfigurationIsVisible = 0;
			defaultConfigurationName = Release;
		};
		CCF59C762A03630800D5DE3C /* Build configuration list for PBXNativeTarget "SignificantLocationTests" */ = {
			isa = XCConfigurationList;
			buildConfigurations = (
				CCF59C772A03630800D5DE3C /* Debug */,
				CCF59C782A03630800D5DE3C /* Release */,
			);
			defaultConfigurationIsVisible = 0;
			defaultConfigurationName = Release;
		};
		CCF59C792A03630800D5DE3C /* Build configuration list for PBXNativeTarget "SignificantLocationUITests" */ = {
			isa = XCConfigurationList;
			buildConfigurations = (
				CCF59C7A2A03630800D5DE3C /* Debug */,
				CCF59C7B2A03630800D5DE3C /* Release */,
			);
			defaultConfigurationIsVisible = 0;
			defaultConfigurationName = Release;
		};
/* End XCConfigurationList section */
	};
	rootObject = CCF59C462A03630600D5DE3C /* Project object */;
}
